// !$*UTF8*$!
{
	archiveVersion = 1;
	classes = {
	};
	objectVersion = 46;
	objects = {

/* Begin PBXBuildFile section */
		26592E9F94AB66A4B7933870 /* libPods-YYDemo.a in Frameworks */ = {isa = PBXBuildFile; fileRef = 5C2301DCD6481C22F7551B88 /* libPods-YYDemo.a */; };
		FE34A7BC1EAEE431009628B5 /* TextController.m in Sources */ = {isa = PBXBuildFile; fileRef = FE34A7BB1EAEE431009628B5 /* TextController.m */; };
		FE34A7C31EAEE4BF009628B5 /* AppDelegate.m in Sources */ = {isa = PBXBuildFile; fileRef = FE34A7C01EAEE4BF009628B5 /* AppDelegate.m */; };
		FE34A7C41EAEE4BF009628B5 /* MXQRootController.m in Sources */ = {isa = PBXBuildFile; fileRef = FE34A7C21EAEE4BF009628B5 /* MXQRootController.m */; };
		FE34A7C71EAEE4E2009628B5 /* BaseController.m in Sources */ = {isa = PBXBuildFile; fileRef = FE34A7C61EAEE4E2009628B5 /* BaseController.m */; };
		FE34A7CA1EAEE89E009628B5 /* MXQTextAttributeExample.m in Sources */ = {isa = PBXBuildFile; fileRef = FE34A7C91EAEE89E009628B5 /* MXQTextAttributeExample.m */; };
		FE78EEA31EAD8F3C0074E57F /* main.m in Sources */ = {isa = PBXBuildFile; fileRef = FE78EEA21EAD8F3C0074E57F /* main.m */; };
		FE78EEAE1EAD8F3C0074E57F /* Assets.xcassets in Resources */ = {isa = PBXBuildFile; fileRef = FE78EEAD1EAD8F3C0074E57F /* Assets.xcassets */; };
		FE78EEB11EAD8F3C0074E57F /* LaunchScreen.storyboard in Resources */ = {isa = PBXBuildFile; fileRef = FE78EEAF1EAD8F3C0074E57F /* LaunchScreen.storyboard */; };
/* End PBXBuildFile section */

/* Begin PBXFileReference section */
		2D3D3F0BC3FE95146D10B9F6 /* Pods-YYDemo.release.xcconfig */ = {isa = PBXFileReference; includeInIndex = 1; lastKnownFileType = text.xcconfig; name = "Pods-YYDemo.release.xcconfig"; path = "Pods/Target Support Files/Pods-YYDemo/Pods-YYDemo.release.xcconfig"; sourceTree = "<group>"; };
		5C2301DCD6481C22F7551B88 /* libPods-YYDemo.a */ = {isa = PBXFileReference; explicitFileType = archive.ar; includeInIndex = 0; path = "libPods-YYDemo.a"; sourceTree = BUILT_PRODUCTS_DIR; };
		E10909E4BBF46ED6F25F61BC /* Pods-YYDemo.debug.xcconfig */ = {isa = PBXFileReference; includeInIndex = 1; lastKnownFileType = text.xcconfig; name = "Pods-YYDemo.debug.xcconfig"; path = "Pods/Target Support Files/Pods-YYDemo/Pods-YYDemo.debug.xcconfig"; sourceTree = "<group>"; };
		FE34A7BA1EAEE431009628B5 /* TextController.h */ = {isa = PBXFileReference; fileEncoding = 4; lastKnownFileType = sourcecode.c.h; path = TextController.h; sourceTree = "<group>"; };
		FE34A7BB1EAEE431009628B5 /* TextController.m */ = {isa = PBXFileReference; fileEncoding = 4; lastKnownFileType = sourcecode.c.objc; path = TextController.m; sourceTree = "<group>"; };
		FE34A7BF1EAEE4BF009628B5 /* AppDelegate.h */ = {isa = PBXFileReference; fileEncoding = 4; lastKnownFileType = sourcecode.c.h; path = AppDelegate.h; sourceTree = "<group>"; };
		FE34A7C01EAEE4BF009628B5 /* AppDelegate.m */ = {isa = PBXFileReference; fileEncoding = 4; lastKnownFileType = sourcecode.c.objc; path = AppDelegate.m; sourceTree = "<group>"; };
		FE34A7C11EAEE4BF009628B5 /* MXQRootController.h */ = {isa = PBXFileReference; fileEncoding = 4; lastKnownFileType = sourcecode.c.h; path = MXQRootController.h; sourceTree = "<group>"; };
		FE34A7C21EAEE4BF009628B5 /* MXQRootController.m */ = {isa = PBXFileReference; fileEncoding = 4; lastKnownFileType = sourcecode.c.objc; path = MXQRootController.m; sourceTree = "<group>"; };
		FE34A7C51EAEE4E2009628B5 /* BaseController.h */ = {isa = PBXFileReference; fileEncoding = 4; lastKnownFileType = sourcecode.c.h; path = BaseController.h; sourceTree = "<group>"; };
		FE34A7C61EAEE4E2009628B5 /* BaseController.m */ = {isa = PBXFileReference; fileEncoding = 4; lastKnownFileType = sourcecode.c.objc; path = BaseController.m; sourceTree = "<group>"; };
		FE34A7C81EAEE89E009628B5 /* MXQTextAttributeExample.h */ = {isa = PBXFileReference; fileEncoding = 4; lastKnownFileType = sourcecode.c.h; path = MXQTextAttributeExample.h; sourceTree = "<group>"; };
		FE34A7C91EAEE89E009628B5 /* MXQTextAttributeExample.m */ = {isa = PBXFileReference; fileEncoding = 4; lastKnownFileType = sourcecode.c.objc; path = MXQTextAttributeExample.m; sourceTree = "<group>"; };
		FE78EE9E1EAD8F3C0074E57F /* YYDemo.app */ = {isa = PBXFileReference; explicitFileType = wrapper.application; includeInIndex = 0; path = YYDemo.app; sourceTree = BUILT_PRODUCTS_DIR; };
		FE78EEA21EAD8F3C0074E57F /* main.m */ = {isa = PBXFileReference; lastKnownFileType = sourcecode.c.objc; path = main.m; sourceTree = "<group>"; };
		FE78EEAD1EAD8F3C0074E57F /* Assets.xcassets */ = {isa = PBXFileReference; lastKnownFileType = folder.assetcatalog; path = Assets.xcassets; sourceTree = "<group>"; };
		FE78EEB01EAD8F3C0074E57F /* Base */ = {isa = PBXFileReference; lastKnownFileType = file.storyboard; name = Base; path = Base.lproj/LaunchScreen.storyboard; sourceTree = "<group>"; };
		FE78EEB21EAD8F3C0074E57F /* Info.plist */ = {isa = PBXFileReference; lastKnownFileType = text.plist.xml; path = Info.plist; sourceTree = "<group>"; };
/* End PBXFileReference section */

/* Begin PBXFrameworksBuildPhase section */
		FE78EE9B1EAD8F3B0074E57F /* Frameworks */ = {
			isa = PBXFrameworksBuildPhase;
			buildActionMask = 2147483647;
			files = (
				26592E9F94AB66A4B7933870 /* libPods-YYDemo.a in Frameworks */,
			);
			runOnlyForDeploymentPostprocessing = 0;
		};
/* End PBXFrameworksBuildPhase section */

/* Begin PBXGroup section */
		8BA297A67821BF168BE9A682 /* Pods */ = {
			isa = PBXGroup;
			children = (
				E10909E4BBF46ED6F25F61BC /* Pods-YYDemo.debug.xcconfig */,
				2D3D3F0BC3FE95146D10B9F6 /* Pods-YYDemo.release.xcconfig */,
			);
			name = Pods;
			sourceTree = "<group>";
		};
		D5AEA7B26371AF3A599C0DC2 /* Frameworks */ = {
			isa = PBXGroup;
			children = (
				5C2301DCD6481C22F7551B88 /* libPods-YYDemo.a */,
			);
			name = Frameworks;
			sourceTree = "<group>";
		};
		FE34A7B51EAEDEAF009628B5 /* Example */ = {
			isa = PBXGroup;
			children = (
				FE34A7B61EAEDECA009628B5 /* Text */,
			);
			path = Example;
			sourceTree = "<group>";
		};
		FE34A7B61EAEDECA009628B5 /* Text */ = {
			isa = PBXGroup;
			children = (
				FE34A7BA1EAEE431009628B5 /* TextController.h */,
				FE34A7BB1EAEE431009628B5 /* TextController.m */,
				FE34A7C81EAEE89E009628B5 /* MXQTextAttributeExample.h */,
				FE34A7C91EAEE89E009628B5 /* MXQTextAttributeExample.m */,
			);
			path = Text;
			sourceTree = "<group>";
		};
		FE34A7BE1EAEE4BF009628B5 /* Other */ = {
			isa = PBXGroup;
			children = (
				FE34A7BF1EAEE4BF009628B5 /* AppDelegate.h */,
				FE34A7C01EAEE4BF009628B5 /* AppDelegate.m */,
				FE34A7C11EAEE4BF009628B5 /* MXQRootController.h */,
				FE34A7C21EAEE4BF009628B5 /* MXQRootController.m */,
				FE34A7C51EAEE4E2009628B5 /* BaseController.h */,
				FE34A7C61EAEE4E2009628B5 /* BaseController.m */,
			);
			path = Other;
			sourceTree = "<group>";
		};
		FE78EE951EAD8F3B0074E57F = {
			isa = PBXGroup;
			children = (
				FE78EEA01EAD8F3C0074E57F /* YYDemo */,
				FE78EE9F1EAD8F3C0074E57F /* Products */,
				8BA297A67821BF168BE9A682 /* Pods */,
				D5AEA7B26371AF3A599C0DC2 /* Frameworks */,
			);
			sourceTree = "<group>";
		};
		FE78EE9F1EAD8F3C0074E57F /* Products */ = {
			isa = PBXGroup;
			children = (
				FE78EE9E1EAD8F3C0074E57F /* YYDemo.app */,
			);
			name = Products;
			sourceTree = "<group>";
		};
		FE78EEA01EAD8F3C0074E57F /* YYDemo */ = {
			isa = PBXGroup;
			children = (
				FE34A7BE1EAEE4BF009628B5 /* Other */,
				FE34A7B51EAEDEAF009628B5 /* Example */,
				FE78EEAD1EAD8F3C0074E57F /* Assets.xcassets */,
				FE78EEAF1EAD8F3C0074E57F /* LaunchScreen.storyboard */,
				FE78EEB21EAD8F3C0074E57F /* Info.plist */,
				FE78EEA11EAD8F3C0074E57F /* Supporting Files */,
			);
			path = YYDemo;
			sourceTree = "<group>";
		};
		FE78EEA11EAD8F3C0074E57F /* Supporting Files */ = {
			isa = PBXGroup;
			children = (
				FE78EEA21EAD8F3C0074E57F /* main.m */,
			);
			name = "Supporting Files";
			sourceTree = "<group>";
		};
/* End PBXGroup section */

/* Begin PBXNativeTarget section */
		FE78EE9D1EAD8F3B0074E57F /* YYDemo */ = {
			isa = PBXNativeTarget;
			buildConfigurationList = FE78EEB51EAD8F3C0074E57F /* Build configuration list for PBXNativeTarget "YYDemo" */;
			buildPhases = (
				E69DD65026FBE5166C527F52 /* [CP] Check Pods Manifest.lock */,
				FE78EE9A1EAD8F3B0074E57F /* Sources */,
				FE78EE9B1EAD8F3B0074E57F /* Frameworks */,
				FE78EE9C1EAD8F3B0074E57F /* Resources */,
				51A7190C6A12CAF79D7109F5 /* [CP] Embed Pods Frameworks */,
				A06F1CFD7ADA6BC525094775 /* [CP] Copy Pods Resources */,
			);
			buildRules = (
			);
			dependencies = (
			);
			name = YYDemo;
			productName = YYDemo;
			productReference = FE78EE9E1EAD8F3C0074E57F /* YYDemo.app */;
			productType = "com.apple.product-type.application";
		};
/* End PBXNativeTarget section */

/* Begin PBXProject section */
		FE78EE961EAD8F3B0074E57F /* Project object */ = {
			isa = PBXProject;
			attributes = {
				LastUpgradeCheck = 0830;
				ORGANIZATIONNAME = "马晓强";
				TargetAttributes = {
					FE78EE9D1EAD8F3B0074E57F = {
						CreatedOnToolsVersion = 8.3.1;
						DevelopmentTeam = Y445TB8FBL;
						ProvisioningStyle = Automatic;
					};
				};
			};
			buildConfigurationList = FE78EE991EAD8F3B0074E57F /* Build configuration list for PBXProject "YYDemo" */;
			compatibilityVersion = "Xcode 3.2";
			developmentRegion = English;
			hasScannedForEncodings = 0;
			knownRegions = (
				en,
				Base,
			);
			mainGroup = FE78EE951EAD8F3B0074E57F;
			productRefGroup = FE78EE9F1EAD8F3C0074E57F /* Products */;
			projectDirPath = "";
			projectRoot = "";
			targets = (
				FE78EE9D1EAD8F3B0074E57F /* YYDemo */,
			);
		};
/* End PBXProject section */

/* Begin PBXResourcesBuildPhase section */
		FE78EE9C1EAD8F3B0074E57F /* Resources */ = {
			isa = PBXResourcesBuildPhase;
			buildActionMask = 2147483647;
			files = (
				FE78EEB11EAD8F3C0074E57F /* LaunchScreen.storyboard in Resources */,
				FE78EEAE1EAD8F3C0074E57F /* Assets.xcassets in Resources */,
			);
			runOnlyForDeploymentPostprocessing = 0;
		};
/* End PBXResourcesBuildPhase section */

/* Begin PBXShellScriptBuildPhase section */
		51A7190C6A12CAF79D7109F5 /* [CP] Embed Pods Frameworks */ = {
			isa = PBXShellScriptBuildPhase;
			buildActionMask = 2147483647;
			files = (
			);
			inputPaths = (
			);
			name = "[CP] Embed Pods Frameworks";
			outputPaths = (
			);
			runOnlyForDeploymentPostprocessing = 0;
			shellPath = /bin/sh;
			shellScript = "\"${SRCROOT}/Pods/Target Support Files/Pods-YYDemo/Pods-YYDemo-frameworks.sh\"\n";
			showEnvVarsInLog = 0;
		};
		A06F1CFD7ADA6BC525094775 /* [CP] Copy Pods Resources */ = {
			isa = PBXShellScriptBuildPhase;
			buildActionMask = 2147483647;
			files = (
			);
			inputPaths = (
			);
			name = "[CP] Copy Pods Resources";
			outputPaths = (
			);
			runOnlyForDeploymentPostprocessing = 0;
			shellPath = /bin/sh;
			shellScript = "\"${SRCROOT}/Pods/Target Support Files/Pods-YYDemo/Pods-YYDemo-resources.sh\"\n";
			showEnvVarsInLog = 0;
		};
		E69DD65026FBE5166C527F52 /* [CP] Check Pods Manifest.lock */ = {
			isa = PBXShellScriptBuildPhase;
			buildActionMask = 2147483647;
			files = (
			);
			inputPaths = (
			);
			name = "[CP] Check Pods Manifest.lock";
			outputPaths = (
			);
			runOnlyForDeploymentPostprocessing = 0;
			shellPath = /bin/sh;
			shellScript = "diff \"${PODS_ROOT}/../Podfile.lock\" \"${PODS_ROOT}/Manifest.lock\" > /dev/null\nif [[ $? != 0 ]] ; then\n    cat << EOM\nerror: The sandbox is not in sync with the Podfile.lock. Run 'pod install' or update your CocoaPods installation.\nEOM\n    exit 1\nfi\n";
			showEnvVarsInLog = 0;
		};
/* End PBXShellScriptBuildPhase section */

/* Begin PBXSourcesBuildPhase section */
		FE78EE9A1EAD8F3B0074E57F /* Sources */ = {
			isa = PBXSourcesBuildPhase;
			buildActionMask = 2147483647;
			files = (
				FE34A7C41EAEE4BF009628B5 /* MXQRootController.m in Sources */,
				FE34A7CA1EAEE89E009628B5 /* MXQTextAttributeExample.m in Sources */,
				FE34A7C71EAEE4E2009628B5 /* BaseController.m in Sources */,
				FE34A7BC1EAEE431009628B5 /* TextController.m in Sources */,
				FE78EEA31EAD8F3C0074E57F /* main.m in Sources */,
				FE34A7C31EAEE4BF009628B5 /* AppDelegate.m in Sources */,
			);
			runOnlyForDeploymentPostprocessing = 0;
		};
/* End PBXSourcesBuildPhase section */

/* Begin PBXVariantGroup section */
		FE78EEAF1EAD8F3C0074E57F /* LaunchScreen.storyboard */ = {
			isa = PBXVariantGroup;
			children = (
				FE78EEB01EAD8F3C0074E57F /* Base */,
			);
			name = LaunchScreen.storyboard;
			sourceTree = "<group>";
		};
/* End PBXVariantGroup section */

/* Begin XCBuildConfiguration section */
		FE78EEB31EAD8F3C0074E57F /* Debug */ = {
			isa = XCBuildConfiguration;
			buildSettings = {
				ALWAYS_SEARCH_USER_PATHS = NO;
				CLANG_ANALYZER_NONNULL = YES;
				CLANG_ANALYZER_NUMBER_OBJECT_CONVERSION = YES_AGGRESSIVE;
				CLANG_CXX_LANGUAGE_STANDARD = "gnu++0x";
				CLANG_CXX_LIBRARY = "libc++";
				CLANG_ENABLE_MODULES = YES;
				CLANG_ENABLE_OBJC_ARC = YES;
				CLANG_WARN_BOOL_CONVERSION = YES;
				CLANG_WARN_CONSTANT_CONVERSION = YES;
				CLANG_WARN_DIRECT_OBJC_ISA_USAGE = YES_ERROR;
				CLANG_WARN_DOCUMENTATION_COMMENTS = YES;
				CLANG_WARN_EMPTY_BODY = YES;
				CLANG_WARN_ENUM_CONVERSION = YES;
				CLANG_WARN_INFINITE_RECURSION = YES;
				CLANG_WARN_INT_CONVERSION = YES;
				CLANG_WARN_OBJC_ROOT_CLASS = YES_ERROR;
				CLANG_WARN_SUSPICIOUS_MOVE = YES;
				CLANG_WARN_UNREACHABLE_CODE = YES;
				CLANG_WARN__DUPLICATE_METHOD_MATCH = YES;
				"CODE_SIGN_IDENTITY[sdk=iphoneos*]" = "iPhone Developer";
				COPY_PHASE_STRIP = NO;
				DEBUG_INFORMATION_FORMAT = dwarf;
				ENABLE_STRICT_OBJC_MSGSEND = YES;
				ENABLE_TESTABILITY = YES;
				GCC_C_LANGUAGE_STANDARD = gnu99;
				GCC_DYNAMIC_NO_PIC = NO;
				GCC_NO_COMMON_BLOCKS = YES;
				GCC_OPTIMIZATION_LEVEL = 0;
				GCC_PREPROCESSOR_DEFINITIONS = (
					"DEBUG=1",
					"$(inherited)",
				);
				GCC_WARN_64_TO_32_BIT_CONVERSION = YES;
				GCC_WARN_ABOUT_RETURN_TYPE = YES_ERROR;
				GCC_WARN_UNDECLARED_SELECTOR = YES;
				GCC_WARN_UNINITIALIZED_AUTOS = YES_AGGRESSIVE;
				GCC_WARN_UNUSED_FUNCTION = YES;
				GCC_WARN_UNUSED_VARIABLE = YES;
				IPHONEOS_DEPLOYMENT_TARGET = 10.3;
				MTL_ENABLE_DEBUG_INFO = YES;
				ONLY_ACTIVE_ARCH = YES;
				SDKROOT = iphoneos;
				TARGETED_DEVICE_FAMILY = "1,2";
			};
			name = Debug;
		};
		FE78EEB41EAD8F3C0074E57F /* Release */ = {
			isa = XCBuildConfiguration;
			buildSettings = {
				ALWAYS_SEARCH_USER_PATHS = NO;
				CLANG_ANALYZER_NONNULL = YES;
				CLANG_ANALYZER_NUMBER_OBJECT_CONVERSION = YES_AGGRESSIVE;
				CLANG_CXX_LANGUAGE_STANDARD = "gnu++0x";
				CLANG_CXX_LIBRARY = "libc++";
				CLANG_ENABLE_MODULES = YES;
				CLANG_ENABLE_OBJC_ARC = YES;
				CLANG_WARN_BOOL_CONVERSION = YES;
				CLANG_WARN_CONSTANT_CONVERSION = YES;
				CLANG_WARN_DIRECT_OBJC_ISA_USAGE = YES_ERROR;
				CLANG_WARN_DOCUMENTATION_COMMENTS = YES;
				CLANG_WARN_EMPTY_BODY = YES;
				CLANG_WARN_ENUM_CONVERSION = YES;
				CLANG_WARN_INFINITE_RECURSION = YES;
				CLANG_WARN_INT_CONVERSION = YES;
				CLANG_WARN_OBJC_ROOT_CLASS = YES_ERROR;
				CLANG_WARN_SUSPICIOUS_MOVE = YES;
				CLANG_WARN_UNREACHABLE_CODE = YES;
				CLANG_WARN__DUPLICATE_METHOD_MATCH = YES;
				"CODE_SIGN_IDENTITY[sdk=iphoneos*]" = "iPhone Developer";
				COPY_PHASE_STRIP = NO;
				DEBUG_INFORMATION_FORMAT = "dwarf-with-dsym";
				ENABLE_NS_ASSERTIONS = NO;
				ENABLE_STRICT_OBJC_MSGSEND = YES;
				GCC_C_LANGUAGE_STANDARD = gnu99;
				GCC_NO_COMMON_BLOCKS = YES;
				GCC_WARN_64_TO_32_BIT_CONVERSION = YES;
				GCC_WARN_ABOUT_RETURN_TYPE = YES_ERROR;
				GCC_WARN_UNDECLARED_SELECTOR = YES;
				GCC_WARN_UNINITIALIZED_AUTOS = YES_AGGRESSIVE;
				GCC_WARN_UNUSED_FUNCTION = YES;
				GCC_WARN_UNUSED_VARIABLE = YES;
				IPHONEOS_DEPLOYMENT_TARGET = 10.3;
				MTL_ENABLE_DEBUG_INFO = NO;
				SDKROOT = iphoneos;
				TARGETED_DEVICE_FAMILY = "1,2";
				VALIDATE_PRODUCT = YES;
			};
			name = Release;
		};
		FE78EEB61EAD8F3C0074E57F /* Debug */ = {
			isa = XCBuildConfiguration;
			baseConfigurationReference = E10909E4BBF46ED6F25F61BC /* Pods-YYDemo.debug.xcconfig */;
			buildSettings = {
				ASSETCATALOG_COMPILER_APPICON_NAME = AppIcon;
				DEVELOPMENT_TEAM = Y445TB8FBL;
				INFOPLIST_FILE = YYDemo/Info.plist;
				LD_RUNPATH_SEARCH_PATHS = "$(inherited) @executable_path/Frameworks";
				PRODUCT_BUNDLE_IDENTIFIER = com.nibazhuang.www.YYDemo;
				PRODUCT_NAME = "$(TARGET_NAME)";
			};
			name = Debug;
		};
		FE78EEB71EAD8F3C0074E57F /* Release */ = {
			isa = XCBuildConfiguration;
			baseConfigurationReference = 2D3D3F0BC3FE95146D10B9F6 /* Pods-YYDemo.release.xcconfig */;
			buildSettings = {
				ASSETCATALOG_COMPILER_APPICON_NAME = AppIcon;
				DEVELOPMENT_TEAM = Y445TB8FBL;
				INFOPLIST_FILE = YYDemo/Info.plist;
				LD_RUNPATH_SEARCH_PATHS = "$(inherited) @executable_path/Frameworks";
				PRODUCT_BUNDLE_IDENTIFIER = com.nibazhuang.www.YYDemo;
				PRODUCT_NAME = "$(TARGET_NAME)";
			};
			name = Release;
		};
/* End XCBuildConfiguration section */

/* Begin XCConfigurationList section */
		FE78EE991EAD8F3B0074E57F /* Build configuration list for PBXProject "YYDemo" */ = {
			isa = XCConfigurationList;
			buildConfigurations = (
				FE78EEB31EAD8F3C0074E57F /* Debug */,
				FE78EEB41EAD8F3C0074E57F /* Release */,
			);
			defaultConfigurationIsVisible = 0;
			defaultConfigurationName = Release;
		};
		FE78EEB51EAD8F3C0074E57F /* Build configuration list for PBXNativeTarget "YYDemo" */ = {
			isa = XCConfigurationList;
			buildConfigurations = (
				FE78EEB61EAD8F3C0074E57F /* Debug */,
				FE78EEB71EAD8F3C0074E57F /* Release */,
			);
			defaultConfigurationIsVisible = 0;
			defaultConfigurationName = Release;
		};
/* End XCConfigurationList section */
	};
	rootObject = FE78EE961EAD8F3B0074E57F /* Project object */;
}
